
Microsoft Visual Studio Solution File, Format Version 12.00
# Visual Studio 15
VisualStudioVersion = 15.0.27004.2006
MinimumVisualStudioVersion = 10.0.40219.1
Project("{2150E333-8FDC-42A3-9474-1A3956D46DE8}") = "Libraries", "Libraries", "{E4ACA93B-D3DE-4557-B069-F1DB42925A4B}"
EndProject
Project("{FAE04EC0-301F-11D3-BF4B-00C04F79EFBC}") = "Nop.Core", "Libraries\Nop.Core\Nop.Core.csproj", "{6BDA8332-939F-45B7-A25E-7A797260AE59}"
EndProject
Project("{FAE04EC0-301F-11D3-BF4B-00C04F79EFBC}") = "Nop.Data", "Libraries\Nop.Data\Nop.Data.csproj", "{CCD7F2C9-6A2C-4CF0-8E89-076B8FC0F144}"
EndProject
Project("{FAE04EC0-301F-11D3-BF4B-00C04F79EFBC}") = "Nop.Services", "Libraries\Nop.Services\Nop.Services.csproj", "{210541AD-F659-47DA-8763-16F36C5CD2F4}"
EndProject
Project("{2150E333-8FDC-42A3-9474-1A3956D46DE8}") = "Api", "Api", "{B27C5054-E138-45F9-AA67-877D7EA10366}"
EndProject
Project("{FAE04EC0-301F-11D3-BF4B-00C04F79EFBC}") = "Nop.API.Framework", "Api\Nop.API.Framework\Nop.API.Framework.csproj", "{71AEDF31-C6E0-4DBD-80DC-4274C104F4FC}"
EndProject
Project("{FAE04EC0-301F-11D3-BF4B-00C04F79EFBC}") = "Nop.Api", "Api\Nop.Api\Nop.Api.csproj", "{9823F991-E9E6-446C-A9FF-014ECC629780}"
EndProject
Project("{2150E333-8FDC-42A3-9474-1A3956D46DE8}") = "Plugins", "Plugins", "{B3A1CB16-AF98-4458-B3A6-97F1B485EB06}"
EndProject
Project("{FAE04EC0-301F-11D3-BF4B-00C04F79EFBC}") = "Nop.Plugin.Tax.Worldbuy.FixedOrByCountryStateZip", "Plugins\Nop.Plugin.Tax.Worldbuy.FixedOrByCountryStateZip\Nop.Plugin.Tax.Worldbuy.FixedOrByCountryStateZip.csproj", "{5AB020E4-F98F-4840-8B60-6CD96A83D2AA}"
EndProject
Project("{FAE04EC0-301F-11D3-BF4B-00C04F79EFBC}") = "Nop.Plugin.Affiliate.CategoryMap", "Plugins\Nop.Plugin.Affiliate.CategoryMap\Nop.Plugin.Affiliate.CategoryMap.csproj", "{00ED2F85-B5FB-4005-A817-FDFE9083F8EF}"
EndProject
Project("{FAE04EC0-301F-11D3-BF4B-00C04F79EFBC}") = "Nop.Plugin.Payments.CashAtWB", "Plugins\Nop.Plugin.Payments.CashAtWB\Nop.Plugin.Payments.CashAtWB.csproj", "{4A95F63E-1D41-4F01-AAFE-DD212025738E}"
EndProject
Project("{FAE04EC0-301F-11D3-BF4B-00C04F79EFBC}") = "Nop.Plugin.Payments.CashOnDelivery", "Plugins\Nop.Plugin.Payments.CashOnDevirely\Nop.Plugin.Payments.CashOnDelivery.csproj", "{8731271B-795F-42F3-B09D-AC1F1F58D140}"
EndProject
Project("{FAE04EC0-301F-11D3-BF4B-00C04F79EFBC}") = "Nop.Plugin.Shipping.RateByDistrict", "Plugins\Nop.Plugin.Shipping.RateByDistrict\Nop.Plugin.Shipping.RateByDistrict.csproj", "{1E2D17F0-F7C0-41B1-A602-73BB095C32F2}"
EndProject
Project("{FAE04EC0-301F-11D3-BF4B-00C04F79EFBC}") = "Nop.Plugin.Shipping.FixedOrByWeight", "Plugins\Nop.Plugin.Shipping.FixedOrByWeight\Nop.Plugin.Shipping.FixedOrByWeight.csproj", "{560768D4-7E1D-4431-99F0-CC14C255E167}"
EndProject
Global
	GlobalSection(SolutionConfigurationPlatforms) = preSolution
		Debug|Any CPU = Debug|Any CPU
		Debug|Mixed Platforms = Debug|Mixed Platforms
		Debug|x86 = Debug|x86
		Release|Any CPU = Release|Any CPU
		Release|Mixed Platforms = Release|Mixed Platforms
		Release|x86 = Release|x86
	EndGlobalSection
	GlobalSection(ProjectConfigurationPlatforms) = postSolution
		{6BDA8332-939F-45B7-A25E-7A797260AE59}.Debug|Any CPU.ActiveCfg = Debug|Any CPU
		{6BDA8332-939F-45B7-A25E-7A797260AE59}.Debug|Any CPU.Build.0 = Debug|Any CPU
		{6BDA8332-939F-45B7-A25E-7A797260AE59}.Debug|Mixed Platforms.ActiveCfg = Debug|Any CPU
		{6BDA8332-939F-45B7-A25E-7A797260AE59}.Debug|Mixed Platforms.Build.0 = Debug|Any CPU
		{6BDA8332-939F-45B7-A25E-7A797260AE59}.Debug|x86.ActiveCfg = Debug|Any CPU
		{6BDA8332-939F-45B7-A25E-7A797260AE59}.Release|Any CPU.ActiveCfg = Release|Any CPU
		{6BDA8332-939F-45B7-A25E-7A797260AE59}.Release|Any CPU.Build.0 = Release|Any CPU
		{6BDA8332-939F-45B7-A25E-7A797260AE59}.Release|Mixed Platforms.ActiveCfg = Release|Any CPU
		{6BDA8332-939F-45B7-A25E-7A797260AE59}.Release|Mixed Platforms.Build.0 = Release|Any CPU
		{6BDA8332-939F-45B7-A25E-7A797260AE59}.Release|x86.ActiveCfg = Release|Any CPU
		{CCD7F2C9-6A2C-4CF0-8E89-076B8FC0F144}.Debug|Any CPU.ActiveCfg = Debug|Any CPU
		{CCD7F2C9-6A2C-4CF0-8E89-076B8FC0F144}.Debug|Any CPU.Build.0 = Debug|Any CPU
		{CCD7F2C9-6A2C-4CF0-8E89-076B8FC0F144}.Debug|Mixed Platforms.ActiveCfg = Debug|Any CPU
		{CCD7F2C9-6A2C-4CF0-8E89-076B8FC0F144}.Debug|Mixed Platforms.Build.0 = Debug|Any CPU
		{CCD7F2C9-6A2C-4CF0-8E89-076B8FC0F144}.Debug|x86.ActiveCfg = Debug|Any CPU
		{CCD7F2C9-6A2C-4CF0-8E89-076B8FC0F144}.Release|Any CPU.ActiveCfg = Release|Any CPU
		{CCD7F2C9-6A2C-4CF0-8E89-076B8FC0F144}.Release|Any CPU.Build.0 = Release|Any CPU
		{CCD7F2C9-6A2C-4CF0-8E89-076B8FC0F144}.Release|Mixed Platforms.ActiveCfg = Release|Any CPU
		{CCD7F2C9-6A2C-4CF0-8E89-076B8FC0F144}.Release|Mixed Platforms.Build.0 = Release|Any CPU
		{CCD7F2C9-6A2C-4CF0-8E89-076B8FC0F144}.Release|x86.ActiveCfg = Release|Any CPU
		{210541AD-F659-47DA-8763-16F36C5CD2F4}.Debug|Any CPU.ActiveCfg = Debug|Any CPU
		{210541AD-F659-47DA-8763-16F36C5CD2F4}.Debug|Any CPU.Build.0 = Debug|Any CPU
		{210541AD-F659-47DA-8763-16F36C5CD2F4}.Debug|Mixed Platforms.ActiveCfg = Debug|Any CPU
		{210541AD-F659-47DA-8763-16F36C5CD2F4}.Debug|Mixed Platforms.Build.0 = Debug|Any CPU
		{210541AD-F659-47DA-8763-16F36C5CD2F4}.Debug|x86.ActiveCfg = Debug|Any CPU
		{210541AD-F659-47DA-8763-16F36C5CD2F4}.Release|Any CPU.ActiveCfg = Release|Any CPU
		{210541AD-F659-47DA-8763-16F36C5CD2F4}.Release|Any CPU.Build.0 = Release|Any CPU
		{210541AD-F659-47DA-8763-16F36C5CD2F4}.Release|Mixed Platforms.ActiveCfg = Release|Any CPU
		{210541AD-F659-47DA-8763-16F36C5CD2F4}.Release|Mixed Platforms.Build.0 = Release|Any CPU
		{210541AD-F659-47DA-8763-16F36C5CD2F4}.Release|x86.ActiveCfg = Release|Any CPU
		{71AEDF31-C6E0-4DBD-80DC-4274C104F4FC}.Debug|Any CPU.ActiveCfg = Debug|Any CPU
		{71AEDF31-C6E0-4DBD-80DC-4274C104F4FC}.Debug|Any CPU.Build.0 = Debug|Any CPU
		{71AEDF31-C6E0-4DBD-80DC-4274C104F4FC}.Debug|Mixed Platforms.ActiveCfg = Debug|Any CPU
		{71AEDF31-C6E0-4DBD-80DC-4274C104F4FC}.Debug|Mixed Platforms.Build.0 = Debug|Any CPU
		{71AEDF31-C6E0-4DBD-80DC-4274C104F4FC}.Debug|x86.ActiveCfg = Debug|Any CPU
		{71AEDF31-C6E0-4DBD-80DC-4274C104F4FC}.Debug|x86.Build.0 = Debug|Any CPU
		{71AEDF31-C6E0-4DBD-80DC-4274C104F4FC}.Release|Any CPU.ActiveCfg = Release|Any CPU
		{71AEDF31-C6E0-4DBD-80DC-4274C104F4FC}.Release|Any CPU.Build.0 = Release|Any CPU
		{71AEDF31-C6E0-4DBD-80DC-4274C104F4FC}.Release|Mixed Platforms.ActiveCfg = Release|Any CPU
		{71AEDF31-C6E0-4DBD-80DC-4274C104F4FC}.Release|Mixed Platforms.Build.0 = Release|Any CPU
		{71AEDF31-C6E0-4DBD-80DC-4274C104F4FC}.Release|x86.ActiveCfg = Release|Any CPU
		{71AEDF31-C6E0-4DBD-80DC-4274C104F4FC}.Release|x86.Build.0 = Release|Any CPU
		{9823F991-E9E6-446C-A9FF-014ECC629780}.Debug|Any CPU.ActiveCfg = Debug|Any CPU
		{9823F991-E9E6-446C-A9FF-014ECC629780}.Debug|Any CPU.Build.0 = Debug|Any CPU
		{9823F991-E9E6-446C-A9FF-014ECC629780}.Debug|Mixed Platforms.ActiveCfg = Debug|Any CPU
		{9823F991-E9E6-446C-A9FF-014ECC629780}.Debug|Mixed Platforms.Build.0 = Debug|Any CPU
		{9823F991-E9E6-446C-A9FF-014ECC629780}.Debug|x86.ActiveCfg = Debug|Any CPU
		{9823F991-E9E6-446C-A9FF-014ECC629780}.Debug|x86.Build.0 = Debug|Any CPU
		{9823F991-E9E6-446C-A9FF-014ECC629780}.Release|Any CPU.ActiveCfg = Release|Any CPU
		{9823F991-E9E6-446C-A9FF-014ECC629780}.Release|Any CPU.Build.0 = Release|Any CPU
		{9823F991-E9E6-446C-A9FF-014ECC629780}.Release|Mixed Platforms.ActiveCfg = Release|Any CPU
		{9823F991-E9E6-446C-A9FF-014ECC629780}.Release|Mixed Platforms.Build.0 = Release|Any CPU
		{9823F991-E9E6-446C-A9FF-014ECC629780}.Release|x86.ActiveCfg = Release|Any CPU
		{9823F991-E9E6-446C-A9FF-014ECC629780}.Release|x86.Build.0 = Release|Any CPU
		{5AB020E4-F98F-4840-8B60-6CD96A83D2AA}.Debug|Any CPU.ActiveCfg = Debug|Any CPU
		{5AB020E4-F98F-4840-8B60-6CD96A83D2AA}.Debug|Any CPU.Build.0 = Debug|Any CPU
		{5AB020E4-F98F-4840-8B60-6CD96A83D2AA}.Debug|Mixed Platforms.ActiveCfg = Debug|Any CPU
		{5AB020E4-F98F-4840-8B60-6CD96A83D2AA}.Debug|Mixed Platforms.Build.0 = Debug|Any CPU
		{5AB020E4-F98F-4840-8B60-6CD96A83D2AA}.Debug|x86.ActiveCfg = Debug|Any CPU
		{5AB020E4-F98F-4840-8B60-6CD96A83D2AA}.Debug|x86.Build.0 = Debug|Any CPU
		{5AB020E4-F98F-4840-8B60-6CD96A83D2AA}.Release|Any CPU.ActiveCfg = Release|Any CPU
		{5AB020E4-F98F-4840-8B60-6CD96A83D2AA}.Release|Any CPU.Build.0 = Release|Any CPU
		{5AB020E4-F98F-4840-8B60-6CD96A83D2AA}.Release|Mixed Platforms.ActiveCfg = Release|Any CPU
		{5AB020E4-F98F-4840-8B60-6CD96A83D2AA}.Release|Mixed Platforms.Build.0 = Release|Any CPU
		{5AB020E4-F98F-4840-8B60-6CD96A83D2AA}.Release|x86.ActiveCfg = Release|Any CPU
		{5AB020E4-F98F-4840-8B60-6CD96A83D2AA}.Release|x86.Build.0 = Release|Any CPU
		{00ED2F85-B5FB-4005-A817-FDFE9083F8EF}.Debug|Any CPU.ActiveCfg = Debug|Any CPU
		{00ED2F85-B5FB-4005-A817-FDFE9083F8EF}.Debug|Any CPU.Build.0 = Debug|Any CPU
		{00ED2F85-B5FB-4005-A817-FDFE9083F8EF}.Debug|Mixed Platforms.ActiveCfg = Debug|Any CPU
		{00ED2F85-B5FB-4005-A817-FDFE9083F8EF}.Debug|Mixed Platforms.Build.0 = Debug|Any CPU
		{00ED2F85-B5FB-4005-A817-FDFE9083F8EF}.Debug|x86.ActiveCfg = Debug|Any CPU
		{00ED2F85-B5FB-4005-A817-FDFE9083F8EF}.Debug|x86.Build.0 = Debug|Any CPU
		{00ED2F85-B5FB-4005-A817-FDFE9083F8EF}.Release|Any CPU.ActiveCfg = Release|Any CPU
		{00ED2F85-B5FB-4005-A817-FDFE9083F8EF}.Release|Any CPU.Build.0 = Release|Any CPU
		{00ED2F85-B5FB-4005-A817-FDFE9083F8EF}.Release|Mixed Platforms.ActiveCfg = Release|Any CPU
		{00ED2F85-B5FB-4005-A817-FDFE9083F8EF}.Release|Mixed Platforms.Build.0 = Release|Any CPU
		{00ED2F85-B5FB-4005-A817-FDFE9083F8EF}.Release|x86.ActiveCfg = Release|Any CPU
		{00ED2F85-B5FB-4005-A817-FDFE9083F8EF}.Release|x86.Build.0 = Release|Any CPU
		{4A95F63E-1D41-4F01-AAFE-DD212025738E}.Debug|Any CPU.ActiveCfg = Debug|Any CPU
		{4A95F63E-1D41-4F01-AAFE-DD212025738E}.Debug|Any CPU.Build.0 = Debug|Any CPU
		{4A95F63E-1D41-4F01-AAFE-DD212025738E}.Debug|Mixed Platforms.ActiveCfg = Debug|Any CPU
		{4A95F63E-1D41-4F01-AAFE-DD212025738E}.Debug|Mixed Platforms.Build.0 = Debug|Any CPU
		{4A95F63E-1D41-4F01-AAFE-DD212025738E}.Debug|x86.ActiveCfg = Debug|Any CPU
		{4A95F63E-1D41-4F01-AAFE-DD212025738E}.Debug|x86.Build.0 = Debug|Any CPU
		{4A95F63E-1D41-4F01-AAFE-DD212025738E}.Release|Any CPU.ActiveCfg = Release|Any CPU
		{4A95F63E-1D41-4F01-AAFE-DD212025738E}.Release|Any CPU.Build.0 = Release|Any CPU
		{4A95F63E-1D41-4F01-AAFE-DD212025738E}.Release|Mixed Platforms.ActiveCfg = Release|Any CPU
		{4A95F63E-1D41-4F01-AAFE-DD212025738E}.Release|Mixed Platforms.Build.0 = Release|Any CPU
		{4A95F63E-1D41-4F01-AAFE-DD212025738E}.Release|x86.ActiveCfg = Release|Any CPU
		{4A95F63E-1D41-4F01-AAFE-DD212025738E}.Release|x86.Build.0 = Release|Any CPU
		{8731271B-795F-42F3-B09D-AC1F1F58D140}.Debug|Any CPU.ActiveCfg = Debug|Any CPU
		{8731271B-795F-42F3-B09D-AC1F1F58D140}.Debug|Any CPU.Build.0 = Debug|Any CPU
		{8731271B-795F-42F3-B09D-AC1F1F58D140}.Debug|Mixed Platforms.ActiveCfg = Debug|Any CPU
		{8731271B-795F-42F3-B09D-AC1F1F58D140}.Debug|Mixed Platforms.Build.0 = Debug|Any CPU
		{8731271B-795F-42F3-B09D-AC1F1F58D140}.Debug|x86.ActiveCfg = Debug|Any CPU
		{8731271B-795F-42F3-B09D-AC1F1F58D140}.Debug|x86.Build.0 = Debug|Any CPU
		{8731271B-795F-42F3-B09D-AC1F1F58D140}.Release|Any CPU.ActiveCfg = Release|Any CPU
		{8731271B-795F-42F3-B09D-AC1F1F58D140}.Release|Any CPU.Build.0 = Release|Any CPU
		{8731271B-795F-42F3-B09D-AC1F1F58D140}.Release|Mixed Platforms.ActiveCfg = Release|Any CPU
		{8731271B-795F-42F3-B09D-AC1F1F58D140}.Release|Mixed Platforms.Build.0 = Release|Any CPU
		{8731271B-795F-42F3-B09D-AC1F1F58D140}.Release|x86.ActiveCfg = Release|Any CPU
		{8731271B-795F-42F3-B09D-AC1F1F58D140}.Release|x86.Build.0 = Release|Any CPU
		{1E2D17F0-F7C0-41B1-A602-73BB095C32F2}.Debug|Any CPU.ActiveCfg = Debug|Any CPU
		{1E2D17F0-F7C0-41B1-A602-73BB095C32F2}.Debug|Any CPU.Build.0 = Debug|Any CPU
		{1E2D17F0-F7C0-41B1-A602-73BB095C32F2}.Debug|Mixed Platforms.ActiveCfg = Debug|Any CPU
		{1E2D17F0-F7C0-41B1-A602-73BB095C32F2}.Debug|Mixed Platforms.Build.0 = Debug|Any CPU
		{1E2D17F0-F7C0-41B1-A602-73BB095C32F2}.Debug|x86.ActiveCfg = Debug|Any CPU
		{1E2D17F0-F7C0-41B1-A602-73BB095C32F2}.Debug|x86.Build.0 = Debug|Any CPU
		{1E2D17F0-F7C0-41B1-A602-73BB095C32F2}.Release|Any CPU.ActiveCfg = Release|Any CPU
		{1E2D17F0-F7C0-41B1-A602-73BB095C32F2}.Release|Any CPU.Build.0 = Release|Any CPU
		{1E2D17F0-F7C0-41B1-A602-73BB095C32F2}.Release|Mixed Platforms.ActiveCfg = Release|Any CPU
		{1E2D17F0-F7C0-41B1-A602-73BB095C32F2}.Release|Mixed Platforms.Build.0 = Release|Any CPU
		{1E2D17F0-F7C0-41B1-A602-73BB095C32F2}.Release|x86.ActiveCfg = Release|Any CPU
		{1E2D17F0-F7C0-41B1-A602-73BB095C32F2}.Release|x86.Build.0 = Release|Any CPU
		{560768D4-7E1D-4431-99F0-CC14C255E167}.Debug|Any CPU.ActiveCfg = Debug|Any CPU
		{560768D4-7E1D-4431-99F0-CC14C255E167}.Debug|Any CPU.Build.0 = Debug|Any CPU
		{560768D4-7E1D-4431-99F0-CC14C255E167}.Debug|Mixed Platforms.ActiveCfg = Debug|Any CPU
		{560768D4-7E1D-4431-99F0-CC14C255E167}.Debug|Mixed Platforms.Build.0 = Debug|Any CPU
		{560768D4-7E1D-4431-99F0-CC14C255E167}.Debug|x86.ActiveCfg = Debug|Any CPU
		{560768D4-7E1D-4431-99F0-CC14C255E167}.Debug|x86.Build.0 = Debug|Any CPU
		{560768D4-7E1D-4431-99F0-CC14C255E167}.Release|Any CPU.ActiveCfg = Release|Any CPU
		{560768D4-7E1D-4431-99F0-CC14C255E167}.Release|Any CPU.Build.0 = Release|Any CPU
		{560768D4-7E1D-4431-99F0-CC14C255E167}.Release|Mixed Platforms.ActiveCfg = Release|Any CPU
		{560768D4-7E1D-4431-99F0-CC14C255E167}.Release|Mixed Platforms.Build.0 = Release|Any CPU
		{560768D4-7E1D-4431-99F0-CC14C255E167}.Release|x86.ActiveCfg = Release|Any CPU
		{560768D4-7E1D-4431-99F0-CC14C255E167}.Release|x86.Build.0 = Release|Any CPU
	EndGlobalSection
	GlobalSection(SolutionProperties) = preSolution
		HideSolutionNode = FALSE
	EndGlobalSection
	GlobalSection(NestedProjects) = preSolution
		{6BDA8332-939F-45B7-A25E-7A797260AE59} = {E4ACA93B-D3DE-4557-B069-F1DB42925A4B}
		{CCD7F2C9-6A2C-4CF0-8E89-076B8FC0F144} = {E4ACA93B-D3DE-4557-B069-F1DB42925A4B}
		{210541AD-F659-47DA-8763-16F36C5CD2F4} = {E4ACA93B-D3DE-4557-B069-F1DB42925A4B}
		{71AEDF31-C6E0-4DBD-80DC-4274C104F4FC} = {B27C5054-E138-45F9-AA67-877D7EA10366}
		{9823F991-E9E6-446C-A9FF-014ECC629780} = {B27C5054-E138-45F9-AA67-877D7EA10366}
		{5AB020E4-F98F-4840-8B60-6CD96A83D2AA} = {B3A1CB16-AF98-4458-B3A6-97F1B485EB06}
		{00ED2F85-B5FB-4005-A817-FDFE9083F8EF} = {B3A1CB16-AF98-4458-B3A6-97F1B485EB06}
		{4A95F63E-1D41-4F01-AAFE-DD212025738E} = {B3A1CB16-AF98-4458-B3A6-97F1B485EB06}
		{8731271B-795F-42F3-B09D-AC1F1F58D140} = {B3A1CB16-AF98-4458-B3A6-97F1B485EB06}
		{1E2D17F0-F7C0-41B1-A602-73BB095C32F2} = {B3A1CB16-AF98-4458-B3A6-97F1B485EB06}
		{560768D4-7E1D-4431-99F0-CC14C255E167} = {B3A1CB16-AF98-4458-B3A6-97F1B485EB06}
	EndGlobalSection
	GlobalSection(ExtensibilityGlobals) = postSolution
		SolutionGuid = {9AB6B3FF-CE01-4373-9BEF-A0F75AF492ED}
	EndGlobalSection
	GlobalSection(NDepend) = preSolution
		Project = ".\NopCommerce.ndproj"
	EndGlobalSection
EndGlobal
